
Microsoft Visual Studio Solution File, Format Version 12.00
# Visual Studio 15
VisualStudioVersion = 15.0.28307.572
MinimumVisualStudioVersion = 10.0.40219.1
Project("{FAE04EC0-301F-11D3-BF4B-00C04F79EFBC}") = "VendingMachine", "VendingMachine\VendingMachine.csproj", "{D16F1894-E716-4B34-87C0-5F18DC7B434C}"
EndProject
Global
	GlobalSection(SolutionConfigurationPlatforms) = preSolution
		Debug|Any CPU = Debug|Any CPU
		Release|Any CPU = Release|Any CPU
	EndGlobalSection
	GlobalSection(ProjectConfigurationPlatforms) = postSolution
		{D16F1894-E716-4B34-87C0-5F18DC7B434C}.Debug|Any CPU.ActiveCfg = Debug|Any CPU
		{D16F1894-E716-4B34-87C0-5F18DC7B434C}.Debug|Any CPU.Build.0 = Debug|Any CPU
		{D16F1894-E716-4B34-87C0-5F18DC7B434C}.Release|Any CPU.ActiveCfg = Release|Any CPU
		{D16F1894-E716-4B34-87C0-5F18DC7B434C}.Release|Any CPU.Build.0 = Release|Any CPU
	EndGlobalSection
	GlobalSection(SolutionProperties) = preSolution
		HideSolutionNode = FALSE
	EndGlobalSection
	GlobalSection(ExtensibilityGlobals) = postSolution
		SolutionGuid = {2834229B-F09C-4109-915C-D342B456AF13}
	EndGlobalSection
EndGlobal
